
Microsoft Visual Studio Solution File, Format Version 12.00
# Visual Studio Version 17
VisualStudioVersion = 17.3.32728.150
MinimumVisualStudioVersion = 10.0.40219.1
Project("{9A19103F-16F7-4668-BE54-9A1E7A4F7556}") = "Iot.Domain", "src\Iot.Domain\Iot.Domain.csproj", "{554AD327-6DBA-4F8F-96F8-81CE7A0C863F}"
EndProject
Project("{9A19103F-16F7-4668-BE54-9A1E7A4F7556}") = "Iot.Application", "src\Iot.Application\Iot.Application.csproj", "{1A94A50E-06DC-43C1-80B5-B662820EC3EB}"
EndProject
Project("{9A19103F-16F7-4668-BE54-9A1E7A4F7556}") = "Iot.EntityFrameworkCore", "src\Iot.EntityFrameworkCore\Iot.EntityFrameworkCore.csproj", "{C956DD76-69C8-4A9C-83EA-D17DF83340FD}"
EndProject
Project("{2150E333-8FDC-42A3-9474-1A3956D46DE8}") = "src", "src", "{CA9AC87F-097E-4F15-8393-4BC07735A5B0}"
EndProject
Project("{2150E333-8FDC-42A3-9474-1A3956D46DE8}") = "test", "test", "{04DBDB01-70F4-4E06-B468-8F87850B22BE}"
EndProject
Project("{9A19103F-16F7-4668-BE54-9A1E7A4F7556}") = "Iot.Application.Tests", "test\Iot.Application.Tests\Iot.Application.Tests.csproj", "{50B2631D-129C-47B3-A587-029CCD6099BC}"
EndProject
Project("{9A19103F-16F7-4668-BE54-9A1E7A4F7556}") = "Iot.Domain.Shared", "src\Iot.Domain.Shared\Iot.Domain.Shared.csproj", "{42F719ED-8413-4895-B5B4-5AB56079BC66}"
EndProject
Project("{9A19103F-16F7-4668-BE54-9A1E7A4F7556}") = "Iot.Application.Contracts", "src\Iot.Application.Contracts\Iot.Application.Contracts.csproj", "{520659C8-C734-4298-A3DA-B539DB9DFC0B}"
EndProject
Project("{9A19103F-16F7-4668-BE54-9A1E7A4F7556}") = "Iot.Admin.HttpApi", "src\admin\Iot.Admin.HttpApi\Iot.Admin.HttpApi.csproj", "{4164BDF7-F527-4E85-9CE6-E3C2D7426A27}"
EndProject
Project("{9A19103F-16F7-4668-BE54-9A1E7A4F7556}") = "Iot.Admin.HttpApi.Client", "src\admin\Iot.Admin.HttpApi.Client\Iot.Admin.HttpApi.Client.csproj", "{3B5A0094-670D-4BB1-BFDD-61B88A8773DC}"
EndProject
Project("{9A19103F-16F7-4668-BE54-9A1E7A4F7556}") = "Iot.Admin.HttpApi.Host", "src\admin\Iot.Admin.HttpApi.Host\Iot.Admin.HttpApi.Host.csproj", "{E6D5BF0E-DE92-4D82-A352-EF04B37CB11C}"
EndProject
Project("{9A19103F-16F7-4668-BE54-9A1E7A4F7556}") = "Iot.EntityFrameworkCore.Tests", "test\Iot.EntityFrameworkCore.Tests\Iot.EntityFrameworkCore.Tests.csproj", "{1FE30EB9-74A9-47F5-A9F6-7B1FAB672D81}"
EndProject
Project("{9A19103F-16F7-4668-BE54-9A1E7A4F7556}") = "Iot.TestBase", "test\Iot.TestBase\Iot.TestBase.csproj", "{91853F21-9CD9-4132-BC29-A7D5D84FFFE7}"
EndProject
Project("{9A19103F-16F7-4668-BE54-9A1E7A4F7556}") = "Iot.Domain.Tests", "test\Iot.Domain.Tests\Iot.Domain.Tests.csproj", "{E512F4D9-9375-480F-A2F6-A46509F9D824}"
EndProject
Project("{9A19103F-16F7-4668-BE54-9A1E7A4F7556}") = "Iot.HttpApi.Client.ConsoleTestApp", "test\Iot.HttpApi.Client.ConsoleTestApp\Iot.HttpApi.Client.ConsoleTestApp.csproj", "{EF480016-9127-4916-8735-D2466BDBC582}"
EndProject
Project("{9A19103F-16F7-4668-BE54-9A1E7A4F7556}") = "Iot.DbMigrator", "src\Iot.DbMigrator\Iot.DbMigrator.csproj", "{AA94D832-1CCC-4715-95A9-A483F23A1A5D}"
EndProject
Project("{9A19103F-16F7-4668-BE54-9A1E7A4F7556}") = "Iot.EntityFrameworkCore.DbMigrator", "src\Iot.EntityFrameworkCore.DbMigrator\Iot.EntityFrameworkCore.DbMigrator.csproj", "{499089C8-7208-4FB4-BDF1-BBFB495692C1}"
EndProject
Project("{2150E333-8FDC-42A3-9474-1A3956D46DE8}") = "admin", "admin", "{24EBB885-1B43-4B0A-BEEB-D2635A2A1C4D}"
EndProject
Project("{9A19103F-16F7-4668-BE54-9A1E7A4F7556}") = "Iot.Admin.Application", "src\admin\Iot.Admin.Application\Iot.Admin.Application.csproj", "{1D32EA71-D76E-4DF6-B1EA-438A7BC77846}"
EndProject
Project("{9A19103F-16F7-4668-BE54-9A1E7A4F7556}") = "Iot.Admin.Application.Contracts", "src\admin\Iot.Admin.Application.Contracts\Iot.Admin.Application.Contracts.csproj", "{B1C6B116-5E2C-436D-B950-C6F34FA02F8F}"
EndProject
Project("{2150E333-8FDC-42A3-9474-1A3956D46DE8}") = "auth", "auth", "{F4BA585C-E7A2-43FA-BB5C-D0404731F2EF}"
EndProject
Project("{9A19103F-16F7-4668-BE54-9A1E7A4F7556}") = "Iot.Auth.Application", "src\auth\Iot.Auth.Application\Iot.Auth.Application.csproj", "{5FB17C56-30F8-4A58-8469-42A9C91F0A53}"
EndProject
Project("{9A19103F-16F7-4668-BE54-9A1E7A4F7556}") = "Iot.Auth.Application.Contracts", "src\auth\Iot.Auth.Application.Contracts\Iot.Auth.Application.Contracts.csproj", "{3ACFF59F-A949-43A8-98F8-33E13BEDD7D4}"
EndProject
Project("{9A19103F-16F7-4668-BE54-9A1E7A4F7556}") = "Iot.Auth.Domain", "src\auth\Iot.Auth.Domain\Iot.Auth.Domain.csproj", "{8AAF848C-560D-4898-B1E2-CB7BB25DA365}"
EndProject
Project("{9A19103F-16F7-4668-BE54-9A1E7A4F7556}") = "Iot.Auth.Domain.Shared", "src\auth\Iot.Auth.Domain.Shared\Iot.Auth.Domain.Shared.csproj", "{6692FE84-76EC-426F-ACFA-0AAB64369E56}"
EndProject
Project("{9A19103F-16F7-4668-BE54-9A1E7A4F7556}") = "Iot.Auth.EntityFrameworkCore", "src\auth\Iot.Auth.EntityFrameworkCore\Iot.Auth.EntityFrameworkCore.csproj", "{E5F633FE-B579-4C5E-A000-B971B887E869}"
EndProject
Project("{2150E333-8FDC-42A3-9474-1A3956D46DE8}") = "modules", "modules", "{E7322A14-E055-4D31-A490-7ACAF4DCE621}"
EndProject
Project("{FAE04EC0-301F-11D3-BF4B-00C04F79EFBC}") = "Iot.Common.Jwt", "src\modules\Iot.Common.Jwt\Iot.Common.Jwt.csproj", "{72179E4B-5E43-4857-BBB7-176769F8A4C5}"
EndProject
Project("{FAE04EC0-301F-11D3-BF4B-00C04F79EFBC}") = "Iot.Auth.HttpApi.Host", "src\auth\Iot.Auth.HttpApi.Host\Iot.Auth.HttpApi.Host.csproj", "{342BEFB0-3BC2-4FAA-A2B7-3EC82D24879C}"
EndProject
Project("{FAE04EC0-301F-11D3-BF4B-00C04F79EFBC}") = "Iot.Auth.HttpApi", "src\auth\Iot.Auth.HttpApi\Iot.Auth.HttpApi.csproj", "{E5549D52-72B9-413F-89E5-A29D24569EBF}"
EndProject
Project("{FAE04EC0-301F-11D3-BF4B-00C04F79EFBC}") = "Iot.HttpApi", "src\Iot.HttpApi\Iot.HttpApi.csproj", "{DAFD198D-9995-4484-8A6E-185349C36E23}"
EndProject
Project("{FAE04EC0-301F-11D3-BF4B-00C04F79EFBC}") = "Iot.Consul", "src\modules\Iot.Consul\Iot.Consul.csproj", "{798437EA-8F1D-4343-B3DD-29AF02738C76}"
EndProject
Project("{FAE04EC0-301F-11D3-BF4B-00C04F79EFBC}") = "Iot.Common.Core", "src\modules\Iot.Common.Core\Iot.Common.Core.csproj", "{900CADB1-9F3B-48AE-AFCA-EF692F171668}"
EndProject
Global
	GlobalSection(SolutionConfigurationPlatforms) = preSolution
		Debug|Any CPU = Debug|Any CPU
		Release|Any CPU = Release|Any CPU
	EndGlobalSection
	GlobalSection(ProjectConfigurationPlatforms) = postSolution
		{554AD327-6DBA-4F8F-96F8-81CE7A0C863F}.Debug|Any CPU.ActiveCfg = Debug|Any CPU
		{554AD327-6DBA-4F8F-96F8-81CE7A0C863F}.Debug|Any CPU.Build.0 = Debug|Any CPU
		{554AD327-6DBA-4F8F-96F8-81CE7A0C863F}.Release|Any CPU.ActiveCfg = Release|Any CPU
		{554AD327-6DBA-4F8F-96F8-81CE7A0C863F}.Release|Any CPU.Build.0 = Release|Any CPU
		{1A94A50E-06DC-43C1-80B5-B662820EC3EB}.Debug|Any CPU.ActiveCfg = Debug|Any CPU
		{1A94A50E-06DC-43C1-80B5-B662820EC3EB}.Debug|Any CPU.Build.0 = Debug|Any CPU
		{1A94A50E-06DC-43C1-80B5-B662820EC3EB}.Release|Any CPU.ActiveCfg = Release|Any CPU
		{1A94A50E-06DC-43C1-80B5-B662820EC3EB}.Release|Any CPU.Build.0 = Release|Any CPU
		{C956DD76-69C8-4A9C-83EA-D17DF83340FD}.Debug|Any CPU.ActiveCfg = Debug|Any CPU
		{C956DD76-69C8-4A9C-83EA-D17DF83340FD}.Debug|Any CPU.Build.0 = Debug|Any CPU
		{C956DD76-69C8-4A9C-83EA-D17DF83340FD}.Release|Any CPU.ActiveCfg = Release|Any CPU
		{C956DD76-69C8-4A9C-83EA-D17DF83340FD}.Release|Any CPU.Build.0 = Release|Any CPU
		{50B2631D-129C-47B3-A587-029CCD6099BC}.Debug|Any CPU.ActiveCfg = Debug|Any CPU
		{50B2631D-129C-47B3-A587-029CCD6099BC}.Debug|Any CPU.Build.0 = Debug|Any CPU
		{50B2631D-129C-47B3-A587-029CCD6099BC}.Release|Any CPU.ActiveCfg = Release|Any CPU
		{50B2631D-129C-47B3-A587-029CCD6099BC}.Release|Any CPU.Build.0 = Release|Any CPU
		{42F719ED-8413-4895-B5B4-5AB56079BC66}.Debug|Any CPU.ActiveCfg = Debug|Any CPU
		{42F719ED-8413-4895-B5B4-5AB56079BC66}.Debug|Any CPU.Build.0 = Debug|Any CPU
		{42F719ED-8413-4895-B5B4-5AB56079BC66}.Release|Any CPU.ActiveCfg = Release|Any CPU
		{42F719ED-8413-4895-B5B4-5AB56079BC66}.Release|Any CPU.Build.0 = Release|Any CPU
		{520659C8-C734-4298-A3DA-B539DB9DFC0B}.Debug|Any CPU.ActiveCfg = Debug|Any CPU
		{520659C8-C734-4298-A3DA-B539DB9DFC0B}.Debug|Any CPU.Build.0 = Debug|Any CPU
		{520659C8-C734-4298-A3DA-B539DB9DFC0B}.Release|Any CPU.ActiveCfg = Release|Any CPU
		{520659C8-C734-4298-A3DA-B539DB9DFC0B}.Release|Any CPU.Build.0 = Release|Any CPU
		{4164BDF7-F527-4E85-9CE6-E3C2D7426A27}.Debug|Any CPU.ActiveCfg = Debug|Any CPU
		{4164BDF7-F527-4E85-9CE6-E3C2D7426A27}.Debug|Any CPU.Build.0 = Debug|Any CPU
		{4164BDF7-F527-4E85-9CE6-E3C2D7426A27}.Release|Any CPU.ActiveCfg = Release|Any CPU
		{4164BDF7-F527-4E85-9CE6-E3C2D7426A27}.Release|Any CPU.Build.0 = Release|Any CPU
		{3B5A0094-670D-4BB1-BFDD-61B88A8773DC}.Debug|Any CPU.ActiveCfg = Debug|Any CPU
		{3B5A0094-670D-4BB1-BFDD-61B88A8773DC}.Debug|Any CPU.Build.0 = Debug|Any CPU
		{3B5A0094-670D-4BB1-BFDD-61B88A8773DC}.Release|Any CPU.ActiveCfg = Release|Any CPU
		{3B5A0094-670D-4BB1-BFDD-61B88A8773DC}.Release|Any CPU.Build.0 = Release|Any CPU
		{E6D5BF0E-DE92-4D82-A352-EF04B37CB11C}.Debug|Any CPU.ActiveCfg = Debug|Any CPU
		{E6D5BF0E-DE92-4D82-A352-EF04B37CB11C}.Debug|Any CPU.Build.0 = Debug|Any CPU
		{E6D5BF0E-DE92-4D82-A352-EF04B37CB11C}.Release|Any CPU.ActiveCfg = Release|Any CPU
		{E6D5BF0E-DE92-4D82-A352-EF04B37CB11C}.Release|Any CPU.Build.0 = Release|Any CPU
		{1FE30EB9-74A9-47F5-A9F6-7B1FAB672D81}.Debug|Any CPU.ActiveCfg = Debug|Any CPU
		{1FE30EB9-74A9-47F5-A9F6-7B1FAB672D81}.Debug|Any CPU.Build.0 = Debug|Any CPU
		{1FE30EB9-74A9-47F5-A9F6-7B1FAB672D81}.Release|Any CPU.ActiveCfg = Release|Any CPU
		{1FE30EB9-74A9-47F5-A9F6-7B1FAB672D81}.Release|Any CPU.Build.0 = Release|Any CPU
		{91853F21-9CD9-4132-BC29-A7D5D84FFFE7}.Debug|Any CPU.ActiveCfg = Debug|Any CPU
		{91853F21-9CD9-4132-BC29-A7D5D84FFFE7}.Debug|Any CPU.Build.0 = Debug|Any CPU
		{91853F21-9CD9-4132-BC29-A7D5D84FFFE7}.Release|Any CPU.ActiveCfg = Release|Any CPU
		{91853F21-9CD9-4132-BC29-A7D5D84FFFE7}.Release|Any CPU.Build.0 = Release|Any CPU
		{E512F4D9-9375-480F-A2F6-A46509F9D824}.Debug|Any CPU.ActiveCfg = Debug|Any CPU
		{E512F4D9-9375-480F-A2F6-A46509F9D824}.Debug|Any CPU.Build.0 = Debug|Any CPU
		{E512F4D9-9375-480F-A2F6-A46509F9D824}.Release|Any CPU.ActiveCfg = Release|Any CPU
		{E512F4D9-9375-480F-A2F6-A46509F9D824}.Release|Any CPU.Build.0 = Release|Any CPU
		{EF480016-9127-4916-8735-D2466BDBC582}.Debug|Any CPU.ActiveCfg = Debug|Any CPU
		{EF480016-9127-4916-8735-D2466BDBC582}.Debug|Any CPU.Build.0 = Debug|Any CPU
		{EF480016-9127-4916-8735-D2466BDBC582}.Release|Any CPU.ActiveCfg = Release|Any CPU
		{EF480016-9127-4916-8735-D2466BDBC582}.Release|Any CPU.Build.0 = Release|Any CPU
		{AA94D832-1CCC-4715-95A9-A483F23A1A5D}.Debug|Any CPU.ActiveCfg = Debug|Any CPU
		{AA94D832-1CCC-4715-95A9-A483F23A1A5D}.Debug|Any CPU.Build.0 = Debug|Any CPU
		{AA94D832-1CCC-4715-95A9-A483F23A1A5D}.Release|Any CPU.ActiveCfg = Release|Any CPU
		{AA94D832-1CCC-4715-95A9-A483F23A1A5D}.Release|Any CPU.Build.0 = Release|Any CPU
		{499089C8-7208-4FB4-BDF1-BBFB495692C1}.Debug|Any CPU.ActiveCfg = Debug|Any CPU
		{499089C8-7208-4FB4-BDF1-BBFB495692C1}.Debug|Any CPU.Build.0 = Debug|Any CPU
		{499089C8-7208-4FB4-BDF1-BBFB495692C1}.Release|Any CPU.ActiveCfg = Release|Any CPU
		{499089C8-7208-4FB4-BDF1-BBFB495692C1}.Release|Any CPU.Build.0 = Release|Any CPU
		{1D32EA71-D76E-4DF6-B1EA-438A7BC77846}.Debug|Any CPU.ActiveCfg = Debug|Any CPU
		{1D32EA71-D76E-4DF6-B1EA-438A7BC77846}.Debug|Any CPU.Build.0 = Debug|Any CPU
		{1D32EA71-D76E-4DF6-B1EA-438A7BC77846}.Release|Any CPU.ActiveCfg = Release|Any CPU
		{1D32EA71-D76E-4DF6-B1EA-438A7BC77846}.Release|Any CPU.Build.0 = Release|Any CPU
		{B1C6B116-5E2C-436D-B950-C6F34FA02F8F}.Debug|Any CPU.ActiveCfg = Debug|Any CPU
		{B1C6B116-5E2C-436D-B950-C6F34FA02F8F}.Debug|Any CPU.Build.0 = Debug|Any CPU
		{B1C6B116-5E2C-436D-B950-C6F34FA02F8F}.Release|Any CPU.ActiveCfg = Release|Any CPU
		{B1C6B116-5E2C-436D-B950-C6F34FA02F8F}.Release|Any CPU.Build.0 = Release|Any CPU
		{5FB17C56-30F8-4A58-8469-42A9C91F0A53}.Debug|Any CPU.ActiveCfg = Debug|Any CPU
		{5FB17C56-30F8-4A58-8469-42A9C91F0A53}.Debug|Any CPU.Build.0 = Debug|Any CPU
		{5FB17C56-30F8-4A58-8469-42A9C91F0A53}.Release|Any CPU.ActiveCfg = Release|Any CPU
		{5FB17C56-30F8-4A58-8469-42A9C91F0A53}.Release|Any CPU.Build.0 = Release|Any CPU
		{3ACFF59F-A949-43A8-98F8-33E13BEDD7D4}.Debug|Any CPU.ActiveCfg = Debug|Any CPU
		{3ACFF59F-A949-43A8-98F8-33E13BEDD7D4}.Debug|Any CPU.Build.0 = Debug|Any CPU
		{3ACFF59F-A949-43A8-98F8-33E13BEDD7D4}.Release|Any CPU.ActiveCfg = Release|Any CPU
		{3ACFF59F-A949-43A8-98F8-33E13BEDD7D4}.Release|Any CPU.Build.0 = Release|Any CPU
		{8AAF848C-560D-4898-B1E2-CB7BB25DA365}.Debug|Any CPU.ActiveCfg = Debug|Any CPU
		{8AAF848C-560D-4898-B1E2-CB7BB25DA365}.Debug|Any CPU.Build.0 = Debug|Any CPU
		{8AAF848C-560D-4898-B1E2-CB7BB25DA365}.Release|Any CPU.ActiveCfg = Release|Any CPU
		{8AAF848C-560D-4898-B1E2-CB7BB25DA365}.Release|Any CPU.Build.0 = Release|Any CPU
		{6692FE84-76EC-426F-ACFA-0AAB64369E56}.Debug|Any CPU.ActiveCfg = Debug|Any CPU
		{6692FE84-76EC-426F-ACFA-0AAB64369E56}.Debug|Any CPU.Build.0 = Debug|Any CPU
		{6692FE84-76EC-426F-ACFA-0AAB64369E56}.Release|Any CPU.ActiveCfg = Release|Any CPU
		{6692FE84-76EC-426F-ACFA-0AAB64369E56}.Release|Any CPU.Build.0 = Release|Any CPU
		{E5F633FE-B579-4C5E-A000-B971B887E869}.Debug|Any CPU.ActiveCfg = Debug|Any CPU
		{E5F633FE-B579-4C5E-A000-B971B887E869}.Debug|Any CPU.Build.0 = Debug|Any CPU
		{E5F633FE-B579-4C5E-A000-B971B887E869}.Release|Any CPU.ActiveCfg = Release|Any CPU
		{E5F633FE-B579-4C5E-A000-B971B887E869}.Release|Any CPU.Build.0 = Release|Any CPU
		{72179E4B-5E43-4857-BBB7-176769F8A4C5}.Debug|Any CPU.ActiveCfg = Debug|Any CPU
		{72179E4B-5E43-4857-BBB7-176769F8A4C5}.Debug|Any CPU.Build.0 = Debug|Any CPU
		{72179E4B-5E43-4857-BBB7-176769F8A4C5}.Release|Any CPU.ActiveCfg = Release|Any CPU
		{72179E4B-5E43-4857-BBB7-176769F8A4C5}.Release|Any CPU.Build.0 = Release|Any CPU
		{342BEFB0-3BC2-4FAA-A2B7-3EC82D24879C}.Debug|Any CPU.ActiveCfg = Debug|Any CPU
		{342BEFB0-3BC2-4FAA-A2B7-3EC82D24879C}.Debug|Any CPU.Build.0 = Debug|Any CPU
		{342BEFB0-3BC2-4FAA-A2B7-3EC82D24879C}.Release|Any CPU.ActiveCfg = Release|Any CPU
		{342BEFB0-3BC2-4FAA-A2B7-3EC82D24879C}.Release|Any CPU.Build.0 = Release|Any CPU
		{E5549D52-72B9-413F-89E5-A29D24569EBF}.Debug|Any CPU.ActiveCfg = Debug|Any CPU
		{E5549D52-72B9-413F-89E5-A29D24569EBF}.Debug|Any CPU.Build.0 = Debug|Any CPU
		{E5549D52-72B9-413F-89E5-A29D24569EBF}.Release|Any CPU.ActiveCfg = Release|Any CPU
		{E5549D52-72B9-413F-89E5-A29D24569EBF}.Release|Any CPU.Build.0 = Release|Any CPU
		{DAFD198D-9995-4484-8A6E-185349C36E23}.Debug|Any CPU.ActiveCfg = Debug|Any CPU
		{DAFD198D-9995-4484-8A6E-185349C36E23}.Debug|Any CPU.Build.0 = Debug|Any CPU
		{DAFD198D-9995-4484-8A6E-185349C36E23}.Release|Any CPU.ActiveCfg = Release|Any CPU
		{DAFD198D-9995-4484-8A6E-185349C36E23}.Release|Any CPU.Build.0 = Release|Any CPU
		{798437EA-8F1D-4343-B3DD-29AF02738C76}.Debug|Any CPU.ActiveCfg = Debug|Any CPU
		{798437EA-8F1D-4343-B3DD-29AF02738C76}.Debug|Any CPU.Build.0 = Debug|Any CPU
		{798437EA-8F1D-4343-B3DD-29AF02738C76}.Release|Any CPU.ActiveCfg = Release|Any CPU
		{798437EA-8F1D-4343-B3DD-29AF02738C76}.Release|Any CPU.Build.0 = Release|Any CPU
		{900CADB1-9F3B-48AE-AFCA-EF692F171668}.Debug|Any CPU.ActiveCfg = Debug|Any CPU
		{900CADB1-9F3B-48AE-AFCA-EF692F171668}.Debug|Any CPU.Build.0 = Debug|Any CPU
		{900CADB1-9F3B-48AE-AFCA-EF692F171668}.Release|Any CPU.ActiveCfg = Release|Any CPU
		{900CADB1-9F3B-48AE-AFCA-EF692F171668}.Release|Any CPU.Build.0 = Release|Any CPU
	EndGlobalSection
	GlobalSection(SolutionProperties) = preSolution
		HideSolutionNode = FALSE
	EndGlobalSection
	GlobalSection(NestedProjects) = preSolution
		{554AD327-6DBA-4F8F-96F8-81CE7A0C863F} = {CA9AC87F-097E-4F15-8393-4BC07735A5B0}
		{1A94A50E-06DC-43C1-80B5-B662820EC3EB} = {CA9AC87F-097E-4F15-8393-4BC07735A5B0}
		{C956DD76-69C8-4A9C-83EA-D17DF83340FD} = {CA9AC87F-097E-4F15-8393-4BC07735A5B0}
		{50B2631D-129C-47B3-A587-029CCD6099BC} = {04DBDB01-70F4-4E06-B468-8F87850B22BE}
		{42F719ED-8413-4895-B5B4-5AB56079BC66} = {CA9AC87F-097E-4F15-8393-4BC07735A5B0}
		{520659C8-C734-4298-A3DA-B539DB9DFC0B} = {CA9AC87F-097E-4F15-8393-4BC07735A5B0}
		{4164BDF7-F527-4E85-9CE6-E3C2D7426A27} = {24EBB885-1B43-4B0A-BEEB-D2635A2A1C4D}
		{3B5A0094-670D-4BB1-BFDD-61B88A8773DC} = {24EBB885-1B43-4B0A-BEEB-D2635A2A1C4D}
		{E6D5BF0E-DE92-4D82-A352-EF04B37CB11C} = {24EBB885-1B43-4B0A-BEEB-D2635A2A1C4D}
		{1FE30EB9-74A9-47F5-A9F6-7B1FAB672D81} = {04DBDB01-70F4-4E06-B468-8F87850B22BE}
		{91853F21-9CD9-4132-BC29-A7D5D84FFFE7} = {04DBDB01-70F4-4E06-B468-8F87850B22BE}
		{E512F4D9-9375-480F-A2F6-A46509F9D824} = {04DBDB01-70F4-4E06-B468-8F87850B22BE}
		{EF480016-9127-4916-8735-D2466BDBC582} = {04DBDB01-70F4-4E06-B468-8F87850B22BE}
		{AA94D832-1CCC-4715-95A9-A483F23A1A5D} = {CA9AC87F-097E-4F15-8393-4BC07735A5B0}
		{499089C8-7208-4FB4-BDF1-BBFB495692C1} = {CA9AC87F-097E-4F15-8393-4BC07735A5B0}
		{24EBB885-1B43-4B0A-BEEB-D2635A2A1C4D} = {CA9AC87F-097E-4F15-8393-4BC07735A5B0}
		{1D32EA71-D76E-4DF6-B1EA-438A7BC77846} = {24EBB885-1B43-4B0A-BEEB-D2635A2A1C4D}
		{B1C6B116-5E2C-436D-B950-C6F34FA02F8F} = {24EBB885-1B43-4B0A-BEEB-D2635A2A1C4D}
		{F4BA585C-E7A2-43FA-BB5C-D0404731F2EF} = {CA9AC87F-097E-4F15-8393-4BC07735A5B0}
		{5FB17C56-30F8-4A58-8469-42A9C91F0A53} = {F4BA585C-E7A2-43FA-BB5C-D0404731F2EF}
		{3ACFF59F-A949-43A8-98F8-33E13BEDD7D4} = {F4BA585C-E7A2-43FA-BB5C-D0404731F2EF}
		{8AAF848C-560D-4898-B1E2-CB7BB25DA365} = {F4BA585C-E7A2-43FA-BB5C-D0404731F2EF}
		{6692FE84-76EC-426F-ACFA-0AAB64369E56} = {F4BA585C-E7A2-43FA-BB5C-D0404731F2EF}
		{E5F633FE-B579-4C5E-A000-B971B887E869} = {F4BA585C-E7A2-43FA-BB5C-D0404731F2EF}
		{E7322A14-E055-4D31-A490-7ACAF4DCE621} = {CA9AC87F-097E-4F15-8393-4BC07735A5B0}
		{72179E4B-5E43-4857-BBB7-176769F8A4C5} = {E7322A14-E055-4D31-A490-7ACAF4DCE621}
		{342BEFB0-3BC2-4FAA-A2B7-3EC82D24879C} = {F4BA585C-E7A2-43FA-BB5C-D0404731F2EF}
		{E5549D52-72B9-413F-89E5-A29D24569EBF} = {F4BA585C-E7A2-43FA-BB5C-D0404731F2EF}
		{DAFD198D-9995-4484-8A6E-185349C36E23} = {CA9AC87F-097E-4F15-8393-4BC07735A5B0}
		{798437EA-8F1D-4343-B3DD-29AF02738C76} = {E7322A14-E055-4D31-A490-7ACAF4DCE621}
		{900CADB1-9F3B-48AE-AFCA-EF692F171668} = {E7322A14-E055-4D31-A490-7ACAF4DCE621}
	EndGlobalSection
	GlobalSection(ExtensibilityGlobals) = postSolution
		SolutionGuid = {28315BFD-90E7-4E14-A2EA-F3D23AF4126F}
	EndGlobalSection
EndGlobal
